{
  "name": "elm-utils",
  "lockfileVersion": 3,
  "requires": true,
  "packages": {
    "": {
      "name": "elm-utils",
      "devDependencies": {
        "elm-ffi": "github:pravdomil/elm-ffi",
        "elm-ffi-browser": "github:pravdomil/elm-ffi-browser"
      }
    },
    "node_modules/elm-ffi": {
      "resolved": "git+ssh://git@github.com/pravdomil/elm-ffi.git#c30c49cbadede15ca14172a6e4d4ecd2ad29f15a",
      "dev": true,
      "bin": {
        "elm-ffi": "bin/elm-ffi"
      }
    },
    "node_modules/elm-ffi-browser": {
      "resolved": "git+ssh://git@github.com/pravdomil/elm-ffi-browser.git#d1e20196512dc3bb3f10846079308d16eeb29b50",
      "dev": true
    }
  }
}
