{
  "name": "elm-utils",
  "lockfileVersion": 2,
  "requires": true,
  "packages": {
    "": {
      "devDependencies": {
        "elm-codec": "github:pravdomil/elm-codec"
      }
    },
    "node_modules/elm-codec": {
      "resolved": "git+ssh://git@github.com/pravdomil/elm-codec.git#f8129eb2fa5f7c62f74b8dc95a0fd5827d7bc0d9",
      "dev": true
    }
  },
  "dependencies": {
    "elm-codec": {
      "version": "git+ssh://git@github.com/pravdomil/elm-codec.git#f8129eb2fa5f7c62f74b8dc95a0fd5827d7bc0d9",
      "dev": true,
      "from": "elm-codec@pravdomil/elm-codec"
    }
  }
}
