{
  "name": "elm-utils",
  "lockfileVersion": 3,
  "requires": true,
  "packages": {
    "": {
      "name": "elm-utils",
      "devDependencies": {
        "elm-ffi": "github:pravdomil/elm-ffi",
        "elm-ffi-browser": "github:pravdomil/elm-ffi-browser"
      }
    },
    "node_modules/elm-ffi": {
      "resolved": "git+ssh://git@github.com/pravdomil/elm-ffi.git#0c44166e064e6b4d77b07588ad27ee7611491e09",
      "dev": true,
      "bin": {
        "elm-ffi": "bin/elm-ffi"
      }
    },
    "node_modules/elm-ffi-browser": {
      "resolved": "git+ssh://git@github.com/pravdomil/elm-ffi-browser.git#6cad25442d5e4c1068a8a834d4055c843f96d920",
      "dev": true
    }
  }
}
